
Microsoft Visual Studio Solution File, Format Version 12.00
# Visual Studio Version 17
VisualStudioVersion = 17.5.33414.496
MinimumVisualStudioVersion = 10.0.40219.1
Project("{FAE04EC0-301F-11D3-BF4B-00C04F79EFBC}") = "ProjetoOO_DB", "ProjetoOO_DB\ProjetoOO_DB.csproj", "{2C33E902-B232-4A0F-8584-84A3055209BF}"
EndProject
Global
	GlobalSection(SolutionConfigurationPlatforms) = preSolution
		Debug|Any CPU = Debug|Any CPU
		Release|Any CPU = Release|Any CPU
	EndGlobalSection
	GlobalSection(ProjectConfigurationPlatforms) = postSolution
		{2C33E902-B232-4A0F-8584-84A3055209BF}.Debug|Any CPU.ActiveCfg = Debug|Any CPU
		{2C33E902-B232-4A0F-8584-84A3055209BF}.Debug|Any CPU.Build.0 = Debug|Any CPU
		{2C33E902-B232-4A0F-8584-84A3055209BF}.Release|Any CPU.ActiveCfg = Release|Any CPU
		{2C33E902-B232-4A0F-8584-84A3055209BF}.Release|Any CPU.Build.0 = Release|Any CPU
	EndGlobalSection
	GlobalSection(SolutionProperties) = preSolution
		HideSolutionNode = FALSE
	EndGlobalSection
	GlobalSection(ExtensibilityGlobals) = postSolution
		SolutionGuid = {A97225F8-3E38-4E9B-BAD4-C8D66ABA6123}
	EndGlobalSection
EndGlobal
